
Microsoft Visual Studio Solution File, Format Version 12.00
# Visual Studio Version 16
VisualStudioVersion = 16.0.31624.102
MinimumVisualStudioVersion = 10.0.40219.1
Project("{FAE04EC0-301F-11D3-BF4B-00C04F79EFBC}") = "Student", "Student\Student.csproj", "{5821806D-B8A9-49E0-AFB6-3E1A70D9D62E}"
EndProject
Global
	GlobalSection(SolutionConfigurationPlatforms) = preSolution
		Debug|Any CPU = Debug|Any CPU
		Release|Any CPU = Release|Any CPU
	EndGlobalSection
	GlobalSection(ProjectConfigurationPlatforms) = postSolution
		{5821806D-B8A9-49E0-AFB6-3E1A70D9D62E}.Debug|Any CPU.ActiveCfg = Debug|Any CPU
		{5821806D-B8A9-49E0-AFB6-3E1A70D9D62E}.Debug|Any CPU.Build.0 = Debug|Any CPU
		{5821806D-B8A9-49E0-AFB6-3E1A70D9D62E}.Release|Any CPU.ActiveCfg = Release|Any CPU
		{5821806D-B8A9-49E0-AFB6-3E1A70D9D62E}.Release|Any CPU.Build.0 = Release|Any CPU
	EndGlobalSection
	GlobalSection(SolutionProperties) = preSolution
		HideSolutionNode = FALSE
	EndGlobalSection
	GlobalSection(ExtensibilityGlobals) = postSolution
		SolutionGuid = {C17A1451-6683-4BEC-B7DD-CA2E2EF78A6A}
	EndGlobalSection
EndGlobal
